
Microsoft Visual Studio Solution File, Format Version 12.00
# Visual Studio Version 17
VisualStudioVersion = 17.3.32819.101
MinimumVisualStudioVersion = 10.0.40219.1
Project("{FAE04EC0-301F-11D3-BF4B-00C04F79EFBC}") = "Travel", "Travel\Travel.csproj", "{392DD6D5-8A09-4F6B-96C1-E15D4A32B89D}"
EndProject
Global
	GlobalSection(SolutionConfigurationPlatforms) = preSolution
		Debug|Any CPU = Debug|Any CPU
		Release|Any CPU = Release|Any CPU
	EndGlobalSection
	GlobalSection(ProjectConfigurationPlatforms) = postSolution
		{392DD6D5-8A09-4F6B-96C1-E15D4A32B89D}.Debug|Any CPU.ActiveCfg = Debug|Any CPU
		{392DD6D5-8A09-4F6B-96C1-E15D4A32B89D}.Debug|Any CPU.Build.0 = Debug|Any CPU
		{392DD6D5-8A09-4F6B-96C1-E15D4A32B89D}.Release|Any CPU.ActiveCfg = Release|Any CPU
		{392DD6D5-8A09-4F6B-96C1-E15D4A32B89D}.Release|Any CPU.Build.0 = Release|Any CPU
	EndGlobalSection
	GlobalSection(SolutionProperties) = preSolution
		HideSolutionNode = FALSE
	EndGlobalSection
	GlobalSection(ExtensibilityGlobals) = postSolution
		SolutionGuid = {3DBA3E14-665C-44BF-85DE-A9D377C6B112}
	EndGlobalSection
EndGlobal
